PODS:
  - ALLFoundation (0.1.0)
  - BDNewRepo (0.0.9)
  - NewAppendRepo (0.0.5):
    - BDNewRepo
  - YAML (0.0.2)

DEPENDENCIES:
  - ALLFoundation (from `../ALLFoundation`)
  - NewAppendRepo (from `../NewAppendRepo`)
  - YAML (= 0.0.2)

SPEC REPOS:
  https://github.com/stonelay/allPodSpec.git:
    - BDNewRepo
    - YAML

EXTERNAL SOURCES:
  ALLFoundation:
    :path: "../ALLFoundation"
  NewAppendRepo:
    :path: "../NewAppendRepo"

SPEC CHECKSUMS:
  ALLFoundation: d2bec17209a07edd380dbc36c1c78202568900d8
  BDNewRepo: 139990bced9c1fd300b3569aa7f8b185e5b8a939
  NewAppendRepo: 095f40a214dbbbc9bd01bc9fb89695ea2953d2d9
  YAML: a75cd96f90a516ae1d75db807bcdbec40f48cb92

PODFILE CHECKSUM: 895c9c656bf9c710a305948b7539e6d8f7ae5501

COCOAPODS: 1.9.1
